
Microsoft Visual Studio Solution File, Format Version 12.00
# Visual Studio Version 17
VisualStudioVersion = 17.13.35931.197
MinimumVisualStudioVersion = 10.0.40219.1
Project("{FAE04EC0-301F-11D3-BF4B-00C04F79EFBC}") = "AuctionHub", "AuctionHub\AuctionHub.csproj", "{5BCB6F0D-0D9F-461C-8BC1-007C095848C5}"
EndProject
Project("{FAE04EC0-301F-11D3-BF4B-00C04F79EFBC}") = "Domain", "Domain\Domain.csproj", "{AF092D6C-C4CD-4BFB-A3D2-09D2369088D1}"
EndProject
Project("{FAE04EC0-301F-11D3-BF4B-00C04F79EFBC}") = "Infrastructure", "Infrastructure\Infrastructure.csproj", "{22BC2CE1-69D0-4D18-9731-AD12368ECFCB}"
EndProject
Project("{FAE04EC0-301F-11D3-BF4B-00C04F79EFBC}") = "Application", "Application\Application.csproj", "{1AB43116-1B9F-4705-8BAB-1EC8861AEE2E}"
EndProject
Project("{FAE04EC0-301F-11D3-BF4B-00C04F79EFBC}") = "JwtProvider", "JwtProvider\JwtProvider.csproj", "{7F19C858-AE92-41D4-9B53-B38A5500CF3C}"
EndProject
Project("{FAE04EC0-301F-11D3-BF4B-00C04F79EFBC}") = "PasswordHashProvider", "PasswordHashProvider\PasswordHashProvider.csproj", "{EE0FF5CB-DA8C-406C-8167-B806A9434626}"
EndProject
Global
	GlobalSection(SolutionConfigurationPlatforms) = preSolution
		Debug|Any CPU = Debug|Any CPU
		Release|Any CPU = Release|Any CPU
	EndGlobalSection
	GlobalSection(ProjectConfigurationPlatforms) = postSolution
		{5BCB6F0D-0D9F-461C-8BC1-007C095848C5}.Debug|Any CPU.ActiveCfg = Debug|Any CPU
		{5BCB6F0D-0D9F-461C-8BC1-007C095848C5}.Debug|Any CPU.Build.0 = Debug|Any CPU
		{5BCB6F0D-0D9F-461C-8BC1-007C095848C5}.Release|Any CPU.ActiveCfg = Release|Any CPU
		{5BCB6F0D-0D9F-461C-8BC1-007C095848C5}.Release|Any CPU.Build.0 = Release|Any CPU
		{AF092D6C-C4CD-4BFB-A3D2-09D2369088D1}.Debug|Any CPU.ActiveCfg = Debug|Any CPU
		{AF092D6C-C4CD-4BFB-A3D2-09D2369088D1}.Debug|Any CPU.Build.0 = Debug|Any CPU
		{AF092D6C-C4CD-4BFB-A3D2-09D2369088D1}.Release|Any CPU.ActiveCfg = Release|Any CPU
		{AF092D6C-C4CD-4BFB-A3D2-09D2369088D1}.Release|Any CPU.Build.0 = Release|Any CPU
		{22BC2CE1-69D0-4D18-9731-AD12368ECFCB}.Debug|Any CPU.ActiveCfg = Debug|Any CPU
		{22BC2CE1-69D0-4D18-9731-AD12368ECFCB}.Debug|Any CPU.Build.0 = Debug|Any CPU
		{22BC2CE1-69D0-4D18-9731-AD12368ECFCB}.Release|Any CPU.ActiveCfg = Release|Any CPU
		{22BC2CE1-69D0-4D18-9731-AD12368ECFCB}.Release|Any CPU.Build.0 = Release|Any CPU
		{1AB43116-1B9F-4705-8BAB-1EC8861AEE2E}.Debug|Any CPU.ActiveCfg = Debug|Any CPU
		{1AB43116-1B9F-4705-8BAB-1EC8861AEE2E}.Debug|Any CPU.Build.0 = Debug|Any CPU
		{1AB43116-1B9F-4705-8BAB-1EC8861AEE2E}.Release|Any CPU.ActiveCfg = Release|Any CPU
		{1AB43116-1B9F-4705-8BAB-1EC8861AEE2E}.Release|Any CPU.Build.0 = Release|Any CPU
		{7F19C858-AE92-41D4-9B53-B38A5500CF3C}.Debug|Any CPU.ActiveCfg = Debug|Any CPU
		{7F19C858-AE92-41D4-9B53-B38A5500CF3C}.Debug|Any CPU.Build.0 = Debug|Any CPU
		{7F19C858-AE92-41D4-9B53-B38A5500CF3C}.Release|Any CPU.ActiveCfg = Release|Any CPU
		{7F19C858-AE92-41D4-9B53-B38A5500CF3C}.Release|Any CPU.Build.0 = Release|Any CPU
		{EE0FF5CB-DA8C-406C-8167-B806A9434626}.Debug|Any CPU.ActiveCfg = Debug|Any CPU
		{EE0FF5CB-DA8C-406C-8167-B806A9434626}.Debug|Any CPU.Build.0 = Debug|Any CPU
		{EE0FF5CB-DA8C-406C-8167-B806A9434626}.Release|Any CPU.ActiveCfg = Release|Any CPU
		{EE0FF5CB-DA8C-406C-8167-B806A9434626}.Release|Any CPU.Build.0 = Release|Any CPU
	EndGlobalSection
	GlobalSection(SolutionProperties) = preSolution
		HideSolutionNode = FALSE
	EndGlobalSection
	GlobalSection(ExtensibilityGlobals) = postSolution
		SolutionGuid = {EB0402A2-C738-415A-AC71-D328F29D17BF}
	EndGlobalSection
EndGlobal
